
Microsoft Visual Studio Solution File, Format Version 12.00
# Visual Studio Version 17
VisualStudioVersion = 17.0.31903.59
MinimumVisualStudioVersion = 10.0.40219.1
Project("{FAE04EC0-301F-11D3-BF4B-00C04F79EFBC}") = "Bank.WebApi", "Bank.WebApi\Bank.WebApi.csproj", "{AA1A03FB-12C1-491A-BFE7-9474535F5994}"
EndProject
Project("{FAE04EC0-301F-11D3-BF4B-00C04F79EFBC}") = "Bank.WebApi.Tests", "Bank.WebApi.Tests\Bank.WebApi.Tests.csproj", "{366158E6-D6C1-432D-8C7C-0A7E45F0DD2E}"
EndProject
Project("{FAE04EC0-301F-11D3-BF4B-00C04F79EFBC}") = "Bank.Domain", "Bank.Domain\Bank.Domain.csproj", "{13622580-7764-4363-9AC0-F378FE49AFD4}"
EndProject
Global
	GlobalSection(SolutionConfigurationPlatforms) = preSolution
		Debug|Any CPU = Debug|Any CPU
		Debug|x64 = Debug|x64
		Debug|x86 = Debug|x86
		Release|Any CPU = Release|Any CPU
		Release|x64 = Release|x64
		Release|x86 = Release|x86
	EndGlobalSection
	GlobalSection(ProjectConfigurationPlatforms) = postSolution
		{AA1A03FB-12C1-491A-BFE7-9474535F5994}.Debug|Any CPU.ActiveCfg = Debug|Any CPU
		{AA1A03FB-12C1-491A-BFE7-9474535F5994}.Debug|Any CPU.Build.0 = Debug|Any CPU
		{AA1A03FB-12C1-491A-BFE7-9474535F5994}.Debug|x64.ActiveCfg = Debug|Any CPU
		{AA1A03FB-12C1-491A-BFE7-9474535F5994}.Debug|x64.Build.0 = Debug|Any CPU
		{AA1A03FB-12C1-491A-BFE7-9474535F5994}.Debug|x86.ActiveCfg = Debug|Any CPU
		{AA1A03FB-12C1-491A-BFE7-9474535F5994}.Debug|x86.Build.0 = Debug|Any CPU
		{AA1A03FB-12C1-491A-BFE7-9474535F5994}.Release|Any CPU.ActiveCfg = Release|Any CPU
		{AA1A03FB-12C1-491A-BFE7-9474535F5994}.Release|Any CPU.Build.0 = Release|Any CPU
		{AA1A03FB-12C1-491A-BFE7-9474535F5994}.Release|x64.ActiveCfg = Release|Any CPU
		{AA1A03FB-12C1-491A-BFE7-9474535F5994}.Release|x64.Build.0 = Release|Any CPU
		{AA1A03FB-12C1-491A-BFE7-9474535F5994}.Release|x86.ActiveCfg = Release|Any CPU
		{AA1A03FB-12C1-491A-BFE7-9474535F5994}.Release|x86.Build.0 = Release|Any CPU
		{366158E6-D6C1-432D-8C7C-0A7E45F0DD2E}.Debug|Any CPU.ActiveCfg = Debug|Any CPU
		{366158E6-D6C1-432D-8C7C-0A7E45F0DD2E}.Debug|Any CPU.Build.0 = Debug|Any CPU
		{366158E6-D6C1-432D-8C7C-0A7E45F0DD2E}.Debug|x64.ActiveCfg = Debug|Any CPU
		{366158E6-D6C1-432D-8C7C-0A7E45F0DD2E}.Debug|x64.Build.0 = Debug|Any CPU
		{366158E6-D6C1-432D-8C7C-0A7E45F0DD2E}.Debug|x86.ActiveCfg = Debug|Any CPU
		{366158E6-D6C1-432D-8C7C-0A7E45F0DD2E}.Debug|x86.Build.0 = Debug|Any CPU
		{366158E6-D6C1-432D-8C7C-0A7E45F0DD2E}.Release|Any CPU.ActiveCfg = Release|Any CPU
		{366158E6-D6C1-432D-8C7C-0A7E45F0DD2E}.Release|Any CPU.Build.0 = Release|Any CPU
		{366158E6-D6C1-432D-8C7C-0A7E45F0DD2E}.Release|x64.ActiveCfg = Release|Any CPU
		{366158E6-D6C1-432D-8C7C-0A7E45F0DD2E}.Release|x64.Build.0 = Release|Any CPU
		{366158E6-D6C1-432D-8C7C-0A7E45F0DD2E}.Release|x86.ActiveCfg = Release|Any CPU
		{366158E6-D6C1-432D-8C7C-0A7E45F0DD2E}.Release|x86.Build.0 = Release|Any CPU
		{13622580-7764-4363-9AC0-F378FE49AFD4}.Debug|Any CPU.ActiveCfg = Debug|Any CPU
		{13622580-7764-4363-9AC0-F378FE49AFD4}.Debug|Any CPU.Build.0 = Debug|Any CPU
		{13622580-7764-4363-9AC0-F378FE49AFD4}.Debug|x64.ActiveCfg = Debug|Any CPU
		{13622580-7764-4363-9AC0-F378FE49AFD4}.Debug|x64.Build.0 = Debug|Any CPU
		{13622580-7764-4363-9AC0-F378FE49AFD4}.Debug|x86.ActiveCfg = Debug|Any CPU
		{13622580-7764-4363-9AC0-F378FE49AFD4}.Debug|x86.Build.0 = Debug|Any CPU
		{13622580-7764-4363-9AC0-F378FE49AFD4}.Release|Any CPU.ActiveCfg = Release|Any CPU
		{13622580-7764-4363-9AC0-F378FE49AFD4}.Release|Any CPU.Build.0 = Release|Any CPU
		{13622580-7764-4363-9AC0-F378FE49AFD4}.Release|x64.ActiveCfg = Release|Any CPU
		{13622580-7764-4363-9AC0-F378FE49AFD4}.Release|x64.Build.0 = Release|Any CPU
		{13622580-7764-4363-9AC0-F378FE49AFD4}.Release|x86.ActiveCfg = Release|Any CPU
		{13622580-7764-4363-9AC0-F378FE49AFD4}.Release|x86.Build.0 = Release|Any CPU
	EndGlobalSection
	GlobalSection(SolutionProperties) = preSolution
		HideSolutionNode = FALSE
	EndGlobalSection
EndGlobal
